{
  "name": "jsbugtracker",
  "version": "1.0.0",
  "lockfileVersion": 1,
  "requires": true,
  "dependencies": {
    "bootstrap": {
      "version": "4.5.0",
      "resolved": "https://registry.npmjs.org/bootstrap/-/bootstrap-4.5.0.tgz",
      "integrity": "sha512-Z93QoXvodoVslA+PWNdk23Hze4RBYIkpb5h8I2HY2Tu2h7A0LpAgLcyrhrSUyo2/Oxm2l1fRZPs1e5hnxnliXA=="
    },
    "jquery": {
      "version": "3.5.1",
      "resolved": "https://registry.npmjs.org/jquery/-/jquery-3.5.1.tgz",
      "integrity": "sha512-XwIBPqcMn57FxfT+Go5pzySnm4KWkT1Tv7gjrpT1srtf8Weynl6R273VJ5GjkRb51IzMp5nbaPjJXMWeju2MKg=="
    },
    "startbootstrap-bare": {
      "version": "4.2.2",
      "resolved": "https://registry.npmjs.org/startbootstrap-bare/-/startbootstrap-bare-4.2.2.tgz",
      "integrity": "sha512-/mwN8yRYMWhTCxhE+yasr9RdJDynYyiobh2Il3b5Pic8mYpQi/hpowizRTegkK76ozHOazQpmvUkMU+b9E8cvg==",
      "requires": {
        "bootstrap": "4.5.0",
        "jquery": "3.5.1"
      }
    }
  }
}
